
Microsoft Visual Studio Solution File, Format Version 12.00
# Visual Studio Version 16
VisualStudioVersion = 16.0.809.8
MinimumVisualStudioVersion = 10.0.40219.1
Project("{FAE04EC0-301F-11D3-BF4B-00C04F79EFBC}") = "2D-Arrays-HackerRank", "2D-Arrays-HackerRank\2D-Arrays-HackerRank.csproj", "{B3E03B59-17CE-47B9-985A-C9E1533E5275}"
EndProject
Global
	GlobalSection(SolutionConfigurationPlatforms) = preSolution
		Debug|anycpu = Debug|anycpu
		Release|anycpu = Release|anycpu
	EndGlobalSection
	GlobalSection(ProjectConfigurationPlatforms) = postSolution
		{B3E03B59-17CE-47B9-985A-C9E1533E5275}.Debug|anycpu.ActiveCfg = Debug|anycpu
		{B3E03B59-17CE-47B9-985A-C9E1533E5275}.Debug|anycpu.Build.0 = Debug|anycpu
		{B3E03B59-17CE-47B9-985A-C9E1533E5275}.Release|anycpu.ActiveCfg = Release|anycpu
		{B3E03B59-17CE-47B9-985A-C9E1533E5275}.Release|anycpu.Build.0 = Release|anycpu
	EndGlobalSection
	GlobalSection(SolutionProperties) = preSolution
		HideSolutionNode = FALSE
	EndGlobalSection
	GlobalSection(ExtensibilityGlobals) = postSolution
		SolutionGuid = {16BBCD06-7545-42DF-AD26-524E3E914683}
	EndGlobalSection
EndGlobal
